
Microsoft Visual Studio Solution File, Format Version 12.00
# Visual Studio 15
Project("{FAE04EC0-301F-11D3-BF4B-00C04F79EFBC}") = "gpredict3_gaming.Ikaros", "gpredict3_gaming.Ikaros.csproj", "{3517D164-EF02-0165-804D-5AD817EB5991}"
EndProject
Global
	GlobalSection(SolutionConfigurationPlatforms) = preSolution
		Debug|Any CPU = Debug|Any CPU
		Release|Any CPU = Release|Any CPU
	EndGlobalSection
	GlobalSection(ProjectConfigurationPlatforms) = postSolution
		{3517D164-EF02-0165-804D-5AD817EB5991}.Debug|Any CPU.ActiveCfg = Debug|Any CPU
		{3517D164-EF02-0165-804D-5AD817EB5991}.Debug|Any CPU.Build.0 = Debug|Any CPU
		{3517D164-EF02-0165-804D-5AD817EB5991}.Release|Any CPU.ActiveCfg = Release|Any CPU
		{3517D164-EF02-0165-804D-5AD817EB5991}.Release|Any CPU.Build.0 = Release|Any CPU
	EndGlobalSection
	GlobalSection(SolutionProperties) = preSolution
		HideSolutionNode = FALSE
	EndGlobalSection
EndGlobal
